
Microsoft Visual Studio Solution File, Format Version 12.00
# Visual Studio Version 16
VisualStudioVersion = 16.0.31112.23
MinimumVisualStudioVersion = 10.0.40219.1
Project("{9A19103F-16F7-4668-BE54-9A1E7A4F7556}") = "Task3.1.1", "Task3.1.1\Task3.1.1.csproj", "{5D86EB7E-C436-4281-A37B-DA49F1655351}"
EndProject
Project("{FAE04EC0-301F-11D3-BF4B-00C04F79EFBC}") = "Task3-1-2", "Task3-1-2\Task3-1-2.csproj", "{2AA5E1F4-CFF5-4FFB-A005-9410CD5CEFC0}"
EndProject
Project("{9A19103F-16F7-4668-BE54-9A1E7A4F7556}") = "DynamicArray", "DynamicArray\DynamicArray.csproj", "{7E02F553-0FED-47E2-AF5D-A6DE838CF0BD}"
EndProject
Project("{FAE04EC0-301F-11D3-BF4B-00C04F79EFBC}") = "TestFor3-2", "TestFor3-2\TestFor3-2.csproj", "{0A0897A4-358C-47C7-ABF0-FF5C37AF4AFC}"
EndProject
Project("{9A19103F-16F7-4668-BE54-9A1E7A4F7556}") = "SuperArrayAndString", "SuperArrayAndString\SuperArrayAndString.csproj", "{9428B550-9342-4D38-8450-49F6FB7EAB80}"
EndProject
Project("{FAE04EC0-301F-11D3-BF4B-00C04F79EFBC}") = "PizzaTime", "PizzaTime\PizzaTime.csproj", "{6C60ECFA-F774-4E56-B742-4E400FC712E6}"
EndProject
Global
	GlobalSection(SolutionConfigurationPlatforms) = preSolution
		Debug|Any CPU = Debug|Any CPU
		Release|Any CPU = Release|Any CPU
	EndGlobalSection
	GlobalSection(ProjectConfigurationPlatforms) = postSolution
		{5D86EB7E-C436-4281-A37B-DA49F1655351}.Debug|Any CPU.ActiveCfg = Debug|Any CPU
		{5D86EB7E-C436-4281-A37B-DA49F1655351}.Debug|Any CPU.Build.0 = Debug|Any CPU
		{5D86EB7E-C436-4281-A37B-DA49F1655351}.Release|Any CPU.ActiveCfg = Release|Any CPU
		{5D86EB7E-C436-4281-A37B-DA49F1655351}.Release|Any CPU.Build.0 = Release|Any CPU
		{2AA5E1F4-CFF5-4FFB-A005-9410CD5CEFC0}.Debug|Any CPU.ActiveCfg = Debug|Any CPU
		{2AA5E1F4-CFF5-4FFB-A005-9410CD5CEFC0}.Debug|Any CPU.Build.0 = Debug|Any CPU
		{2AA5E1F4-CFF5-4FFB-A005-9410CD5CEFC0}.Release|Any CPU.ActiveCfg = Release|Any CPU
		{2AA5E1F4-CFF5-4FFB-A005-9410CD5CEFC0}.Release|Any CPU.Build.0 = Release|Any CPU
		{7E02F553-0FED-47E2-AF5D-A6DE838CF0BD}.Debug|Any CPU.ActiveCfg = Debug|Any CPU
		{7E02F553-0FED-47E2-AF5D-A6DE838CF0BD}.Debug|Any CPU.Build.0 = Debug|Any CPU
		{7E02F553-0FED-47E2-AF5D-A6DE838CF0BD}.Release|Any CPU.ActiveCfg = Release|Any CPU
		{7E02F553-0FED-47E2-AF5D-A6DE838CF0BD}.Release|Any CPU.Build.0 = Release|Any CPU
		{0A0897A4-358C-47C7-ABF0-FF5C37AF4AFC}.Debug|Any CPU.ActiveCfg = Debug|Any CPU
		{0A0897A4-358C-47C7-ABF0-FF5C37AF4AFC}.Debug|Any CPU.Build.0 = Debug|Any CPU
		{0A0897A4-358C-47C7-ABF0-FF5C37AF4AFC}.Release|Any CPU.ActiveCfg = Release|Any CPU
		{0A0897A4-358C-47C7-ABF0-FF5C37AF4AFC}.Release|Any CPU.Build.0 = Release|Any CPU
		{9428B550-9342-4D38-8450-49F6FB7EAB80}.Debug|Any CPU.ActiveCfg = Debug|Any CPU
		{9428B550-9342-4D38-8450-49F6FB7EAB80}.Debug|Any CPU.Build.0 = Debug|Any CPU
		{9428B550-9342-4D38-8450-49F6FB7EAB80}.Release|Any CPU.ActiveCfg = Release|Any CPU
		{9428B550-9342-4D38-8450-49F6FB7EAB80}.Release|Any CPU.Build.0 = Release|Any CPU
		{6C60ECFA-F774-4E56-B742-4E400FC712E6}.Debug|Any CPU.ActiveCfg = Debug|Any CPU
		{6C60ECFA-F774-4E56-B742-4E400FC712E6}.Debug|Any CPU.Build.0 = Debug|Any CPU
		{6C60ECFA-F774-4E56-B742-4E400FC712E6}.Release|Any CPU.ActiveCfg = Release|Any CPU
		{6C60ECFA-F774-4E56-B742-4E400FC712E6}.Release|Any CPU.Build.0 = Release|Any CPU
	EndGlobalSection
	GlobalSection(SolutionProperties) = preSolution
		HideSolutionNode = FALSE
	EndGlobalSection
	GlobalSection(ExtensibilityGlobals) = postSolution
		SolutionGuid = {C727FF04-E942-44B4-92DC-F84689D697CC}
	EndGlobalSection
EndGlobal
