
Microsoft Visual Studio Solution File, Format Version 12.00
# Visual Studio Version 16
VisualStudioVersion = 16.0.31005.135
MinimumVisualStudioVersion = 10.0.40219.1
Project("{9A19103F-16F7-4668-BE54-9A1E7A4F7556}") = "Task2-1-1", "Task2-1-1\Task2-1-1.csproj", "{02B04086-6EA3-443D-BB4A-04A75B549721}"
EndProject
Project("{FAE04EC0-301F-11D3-BF4B-00C04F79EFBC}") = "UsefullThings", "CharArray\UsefullThings.csproj", "{B5AED1FE-8925-42F1-9753-70229C844117}"
EndProject
Global
	GlobalSection(SolutionConfigurationPlatforms) = preSolution
		Debug|Any CPU = Debug|Any CPU
		Release|Any CPU = Release|Any CPU
	EndGlobalSection
	GlobalSection(ProjectConfigurationPlatforms) = postSolution
		{02B04086-6EA3-443D-BB4A-04A75B549721}.Debug|Any CPU.ActiveCfg = Debug|Any CPU
		{02B04086-6EA3-443D-BB4A-04A75B549721}.Debug|Any CPU.Build.0 = Debug|Any CPU
		{02B04086-6EA3-443D-BB4A-04A75B549721}.Release|Any CPU.ActiveCfg = Release|Any CPU
		{02B04086-6EA3-443D-BB4A-04A75B549721}.Release|Any CPU.Build.0 = Release|Any CPU
		{B5AED1FE-8925-42F1-9753-70229C844117}.Debug|Any CPU.ActiveCfg = Debug|Any CPU
		{B5AED1FE-8925-42F1-9753-70229C844117}.Debug|Any CPU.Build.0 = Debug|Any CPU
		{B5AED1FE-8925-42F1-9753-70229C844117}.Release|Any CPU.ActiveCfg = Release|Any CPU
		{B5AED1FE-8925-42F1-9753-70229C844117}.Release|Any CPU.Build.0 = Release|Any CPU
	EndGlobalSection
	GlobalSection(SolutionProperties) = preSolution
		HideSolutionNode = FALSE
	EndGlobalSection
	GlobalSection(ExtensibilityGlobals) = postSolution
		SolutionGuid = {4EE3A4A8-9E38-4C0C-9A77-8282FFDB2311}
	EndGlobalSection
EndGlobal
